
Microsoft Visual Studio Solution File, Format Version 12.00
# Visual Studio Version 17
VisualStudioVersion = 17.14.36616.10 d17.14
MinimumVisualStudioVersion = 10.0.40219.1
Project("{FAE04EC0-301F-11D3-BF4B-00C04F79EFBC}") = "Dominio", "Dominio.csproj", "{9DDFDFCB-9280-4D16-800B-93B9AA40845D}"
EndProject
Global
	GlobalSection(SolutionConfigurationPlatforms) = preSolution
		Debug|Any CPU = Debug|Any CPU
		Release|Any CPU = Release|Any CPU
	EndGlobalSection
	GlobalSection(ProjectConfigurationPlatforms) = postSolution
		{9DDFDFCB-9280-4D16-800B-93B9AA40845D}.Debug|Any CPU.ActiveCfg = Debug|Any CPU
		{9DDFDFCB-9280-4D16-800B-93B9AA40845D}.Debug|Any CPU.Build.0 = Debug|Any CPU
		{9DDFDFCB-9280-4D16-800B-93B9AA40845D}.Release|Any CPU.ActiveCfg = Release|Any CPU
		{9DDFDFCB-9280-4D16-800B-93B9AA40845D}.Release|Any CPU.Build.0 = Release|Any CPU
	EndGlobalSection
	GlobalSection(SolutionProperties) = preSolution
		HideSolutionNode = FALSE
	EndGlobalSection
	GlobalSection(ExtensibilityGlobals) = postSolution
		SolutionGuid = {CDC4D281-034C-4592-B2CB-E7B8ABF68572}
	EndGlobalSection
EndGlobal
