
Microsoft Visual Studio Solution File, Format Version 12.00
# Visual Studio Version 17
VisualStudioVersion = 17.14.36616.10 d17.14
MinimumVisualStudioVersion = 10.0.40219.1
Project("{FAE04EC0-301F-11D3-BF4B-00C04F79EFBC}") = "AuthServer", "AuthServer.csproj", "{F5DC7392-331A-4B99-8EC2-3E2DDD0BE3A6}"
EndProject
Global
	GlobalSection(SolutionConfigurationPlatforms) = preSolution
		Debug|Any CPU = Debug|Any CPU
		Release|Any CPU = Release|Any CPU
	EndGlobalSection
	GlobalSection(ProjectConfigurationPlatforms) = postSolution
		{F5DC7392-331A-4B99-8EC2-3E2DDD0BE3A6}.Debug|Any CPU.ActiveCfg = Debug|Any CPU
		{F5DC7392-331A-4B99-8EC2-3E2DDD0BE3A6}.Debug|Any CPU.Build.0 = Debug|Any CPU
		{F5DC7392-331A-4B99-8EC2-3E2DDD0BE3A6}.Release|Any CPU.ActiveCfg = Release|Any CPU
		{F5DC7392-331A-4B99-8EC2-3E2DDD0BE3A6}.Release|Any CPU.Build.0 = Release|Any CPU
	EndGlobalSection
	GlobalSection(SolutionProperties) = preSolution
		HideSolutionNode = FALSE
	EndGlobalSection
	GlobalSection(ExtensibilityGlobals) = postSolution
		SolutionGuid = {F08528BF-5288-4328-816F-261F3BA35B19}
	EndGlobalSection
EndGlobal
